
Microsoft Visual Studio Solution File, Format Version 12.00
# Visual Studio 15
VisualStudioVersion = 15.0.27703.2042
MinimumVisualStudioVersion = 10.0.40219.1
Project("{FAE04EC0-301F-11D3-BF4B-00C04F79EFBC}") = "beatoraja-installer", "beatoraja-installer\beatoraja-installer.csproj", "{755CE876-1246-4EC2-8197-380CC1330E11}"
EndProject
Global
	GlobalSection(SolutionConfigurationPlatforms) = preSolution
		Debug|Any CPU = Debug|Any CPU
		Release|Any CPU = Release|Any CPU
	EndGlobalSection
	GlobalSection(ProjectConfigurationPlatforms) = postSolution
		{755CE876-1246-4EC2-8197-380CC1330E11}.Debug|Any CPU.ActiveCfg = Debug|Any CPU
		{755CE876-1246-4EC2-8197-380CC1330E11}.Debug|Any CPU.Build.0 = Debug|Any CPU
		{755CE876-1246-4EC2-8197-380CC1330E11}.Release|Any CPU.ActiveCfg = Release|Any CPU
		{755CE876-1246-4EC2-8197-380CC1330E11}.Release|Any CPU.Build.0 = Release|Any CPU
	EndGlobalSection
	GlobalSection(SolutionProperties) = preSolution
		HideSolutionNode = FALSE
	EndGlobalSection
	GlobalSection(ExtensibilityGlobals) = postSolution
		SolutionGuid = {CC4E8DC6-0864-4BAB-9B6E-D27CC237B900}
	EndGlobalSection
EndGlobal
